
Microsoft Visual Studio Solution File, Format Version 12.00
Project("{FAE04EC0-301F-11D3-BF4B-00C04F79EFBC}") = "KD_API", "KD_API\KD_API.csproj", "{80FC6E79-F81D-4D22-887F-C9021A2E71D9}"
EndProject
Project("{2150E333-8FDC-42A3-9474-1A3956D46DE8}") = "Solution Items", "Solution Items", "{EC929E54-FDBA-4BAB-8C97-1EEED0D32C53}"
	ProjectSection(SolutionItems) = preProject
		compose.yaml = compose.yaml
	EndProjectSection
EndProject
Global
	GlobalSection(SolutionConfigurationPlatforms) = preSolution
		Debug|Any CPU = Debug|Any CPU
		Release|Any CPU = Release|Any CPU
	EndGlobalSection
	GlobalSection(ProjectConfigurationPlatforms) = postSolution
		{80FC6E79-F81D-4D22-887F-C9021A2E71D9}.Debug|Any CPU.ActiveCfg = Debug|Any CPU
		{80FC6E79-F81D-4D22-887F-C9021A2E71D9}.Debug|Any CPU.Build.0 = Debug|Any CPU
		{80FC6E79-F81D-4D22-887F-C9021A2E71D9}.Release|Any CPU.ActiveCfg = Release|Any CPU
		{80FC6E79-F81D-4D22-887F-C9021A2E71D9}.Release|Any CPU.Build.0 = Release|Any CPU
	EndGlobalSection
EndGlobal
